
Microsoft Visual Studio Solution File, Format Version 10.00
# Visual Studio 2008
Project("{2150E333-8FDC-42A3-9474-1A3956D46DE8}") = "Solution Items", "Solution Items", "{3D4254DB-90E6-4315-8A1D-0D99E08721DC}"
	ProjectSection(SolutionItems) = preProject
		License.txt = License.txt
		ReadMe.txt = ReadMe.txt
		ReleaseNotes.txt = ReleaseNotes.txt
		SolutionInfo.cs = SolutionInfo.cs
		ToDo.txt = ToDo.txt
	EndProjectSection
EndProject
Project("{FAE04EC0-301F-11D3-BF4B-00C04F79EFBC}") = "CruiseControlToys.Lib", "CruiseControlToys.Lib\CruiseControlToys.Lib.csproj", "{F94C94DC-F5CB-4658-B25C-639A3F3E2819}"
EndProject
Project("{FAE04EC0-301F-11D3-BF4B-00C04F79EFBC}") = "CruiseControlToys.Lib.Tests", "CruiseControlToys.Lib.Tests\CruiseControlToys.Lib.Tests.csproj", "{F0623D58-6C4C-407A-9FD8-23D0AF663B56}"
EndProject
Project("{FAE04EC0-301F-11D3-BF4B-00C04F79EFBC}") = "BigVisibleCruise", "BigVisibleCruise\BigVisibleCruise.csproj", "{4CC715FF-1B56-46BA-AD68-ECB5E1B5CDDA}"
EndProject
Project("{FAE04EC0-301F-11D3-BF4B-00C04F79EFBC}") = "BigVisibleCruise.Tests", "BigVisibleCruise.Tests\BigVisibleCruise.Tests.csproj", "{06C5E10D-303D-4C61-806A-C8F190B68027}"
EndProject
Global
	GlobalSection(SolutionConfigurationPlatforms) = preSolution
		Debug|Any CPU = Debug|Any CPU
		Release|Any CPU = Release|Any CPU
	EndGlobalSection
	GlobalSection(ProjectConfigurationPlatforms) = postSolution
		{F94C94DC-F5CB-4658-B25C-639A3F3E2819}.Debug|Any CPU.ActiveCfg = Debug|Any CPU
		{F94C94DC-F5CB-4658-B25C-639A3F3E2819}.Debug|Any CPU.Build.0 = Debug|Any CPU
		{F94C94DC-F5CB-4658-B25C-639A3F3E2819}.Release|Any CPU.ActiveCfg = Release|Any CPU
		{F94C94DC-F5CB-4658-B25C-639A3F3E2819}.Release|Any CPU.Build.0 = Release|Any CPU
		{F0623D58-6C4C-407A-9FD8-23D0AF663B56}.Debug|Any CPU.ActiveCfg = Debug|Any CPU
		{F0623D58-6C4C-407A-9FD8-23D0AF663B56}.Debug|Any CPU.Build.0 = Debug|Any CPU
		{F0623D58-6C4C-407A-9FD8-23D0AF663B56}.Release|Any CPU.ActiveCfg = Release|Any CPU
		{F0623D58-6C4C-407A-9FD8-23D0AF663B56}.Release|Any CPU.Build.0 = Release|Any CPU
		{4CC715FF-1B56-46BA-AD68-ECB5E1B5CDDA}.Debug|Any CPU.ActiveCfg = Debug|Any CPU
		{4CC715FF-1B56-46BA-AD68-ECB5E1B5CDDA}.Debug|Any CPU.Build.0 = Debug|Any CPU
		{4CC715FF-1B56-46BA-AD68-ECB5E1B5CDDA}.Release|Any CPU.ActiveCfg = Release|Any CPU
		{4CC715FF-1B56-46BA-AD68-ECB5E1B5CDDA}.Release|Any CPU.Build.0 = Release|Any CPU
		{06C5E10D-303D-4C61-806A-C8F190B68027}.Debug|Any CPU.ActiveCfg = Debug|Any CPU
		{06C5E10D-303D-4C61-806A-C8F190B68027}.Debug|Any CPU.Build.0 = Debug|Any CPU
		{06C5E10D-303D-4C61-806A-C8F190B68027}.Release|Any CPU.ActiveCfg = Release|Any CPU
		{06C5E10D-303D-4C61-806A-C8F190B68027}.Release|Any CPU.Build.0 = Release|Any CPU
	EndGlobalSection
	GlobalSection(SolutionProperties) = preSolution
		HideSolutionNode = FALSE
	EndGlobalSection
EndGlobal
